
Microsoft Visual Studio Solution File, Format Version 12.00
# Visual Studio Version 16
VisualStudioVersion = 16.0.31729.503
MinimumVisualStudioVersion = 10.0.40219.1
Project("{FAE04EC0-301F-11D3-BF4B-00C04F79EFBC}") = "[SKYNET] IP Changer", "[SKYNET] IP Changer\[SKYNET] IP Changer.csproj", "{2B6320B5-63F6-4340-9EBD-F04BD5201AA9}"
EndProject
Global
	GlobalSection(SolutionConfigurationPlatforms) = preSolution
		Debug|Any CPU = Debug|Any CPU
		Release|Any CPU = Release|Any CPU
	EndGlobalSection
	GlobalSection(ProjectConfigurationPlatforms) = postSolution
		{2B6320B5-63F6-4340-9EBD-F04BD5201AA9}.Debug|Any CPU.ActiveCfg = Debug|Any CPU
		{2B6320B5-63F6-4340-9EBD-F04BD5201AA9}.Debug|Any CPU.Build.0 = Debug|Any CPU
		{2B6320B5-63F6-4340-9EBD-F04BD5201AA9}.Release|Any CPU.ActiveCfg = Release|Any CPU
		{2B6320B5-63F6-4340-9EBD-F04BD5201AA9}.Release|Any CPU.Build.0 = Release|Any CPU
	EndGlobalSection
	GlobalSection(SolutionProperties) = preSolution
		HideSolutionNode = FALSE
	EndGlobalSection
	GlobalSection(ExtensibilityGlobals) = postSolution
		SolutionGuid = {E62AF673-1850-4806-B787-DB0BD84BAD13}
	EndGlobalSection
EndGlobal
